// !$*UTF8*$!
{
	archiveVersion = 1;
	classes = {
	};
	objectVersion = 56;
	objects = {

/* Begin PBXBuildFile section */
		187849392964892500269A43 /* AppDelegate.swift in Sources */ = {isa = PBXBuildFile; fileRef = 187849382964892500269A43 /* AppDelegate.swift */; };
		1878493B2964892500269A43 /* SceneDelegate.swift in Sources */ = {isa = PBXBuildFile; fileRef = 1878493A2964892500269A43 /* SceneDelegate.swift */; };
		1878493D2964892500269A43 /* ViewController.swift in Sources */ = {isa = PBXBuildFile; fileRef = 1878493C2964892500269A43 /* ViewController.swift */; };
		187849402964892500269A43 /* Main.storyboard in Resources */ = {isa = PBXBuildFile; fileRef = 1878493E2964892500269A43 /* Main.storyboard */; };
		187849422964892700269A43 /* Assets.xcassets in Resources */ = {isa = PBXBuildFile; fileRef = 187849412964892700269A43 /* Assets.xcassets */; };
		187849452964892700269A43 /* LaunchScreen.storyboard in Resources */ = {isa = PBXBuildFile; fileRef = 187849432964892700269A43 /* LaunchScreen.storyboard */; };
		1878494E296489BD00269A43 /* UIWindow+Extension.swift in Sources */ = {isa = PBXBuildFile; fileRef = 1878494D296489BD00269A43 /* UIWindow+Extension.swift */; };
		A5AEB3ABD5ACA09A45767A59 /* Pods_FlexDebugDemo.framework in Frameworks */ = {isa = PBXBuildFile; fileRef = D051C80D8A69410941F14447 /* Pods_FlexDebugDemo.framework */; };
/* End PBXBuildFile section */

/* Begin PBXFileReference section */
		187849352964892500269A43 /* FlexDebugDemo.app */ = {isa = PBXFileReference; explicitFileType = wrapper.application; includeInIndex = 0; path = FlexDebugDemo.app; sourceTree = BUILT_PRODUCTS_DIR; };
		187849382964892500269A43 /* AppDelegate.swift */ = {isa = PBXFileReference; lastKnownFileType = sourcecode.swift; path = AppDelegate.swift; sourceTree = "<group>"; };
		1878493A2964892500269A43 /* SceneDelegate.swift */ = {isa = PBXFileReference; lastKnownFileType = sourcecode.swift; path = SceneDelegate.swift; sourceTree = "<group>"; };
		1878493C2964892500269A43 /* ViewController.swift */ = {isa = PBXFileReference; lastKnownFileType = sourcecode.swift; path = ViewController.swift; sourceTree = "<group>"; };
		1878493F2964892500269A43 /* Base */ = {isa = PBXFileReference; lastKnownFileType = file.storyboard; name = Base; path = Base.lproj/Main.storyboard; sourceTree = "<group>"; };
		187849412964892700269A43 /* Assets.xcassets */ = {isa = PBXFileReference; lastKnownFileType = folder.assetcatalog; path = Assets.xcassets; sourceTree = "<group>"; };
		187849442964892700269A43 /* Base */ = {isa = PBXFileReference; lastKnownFileType = file.storyboard; name = Base; path = Base.lproj/LaunchScreen.storyboard; sourceTree = "<group>"; };
		187849462964892700269A43 /* Info.plist */ = {isa = PBXFileReference; lastKnownFileType = text.plist.xml; path = Info.plist; sourceTree = "<group>"; };
		1878494D296489BD00269A43 /* UIWindow+Extension.swift */ = {isa = PBXFileReference; fileEncoding = 4; lastKnownFileType = sourcecode.swift; path = "UIWindow+Extension.swift"; sourceTree = "<group>"; };
		BFFC166D566F1D21506D3B55 /* Pods-FlexDebugDemo.release.xcconfig */ = {isa = PBXFileReference; includeInIndex = 1; lastKnownFileType = text.xcconfig; name = "Pods-FlexDebugDemo.release.xcconfig"; path = "Target Support Files/Pods-FlexDebugDemo/Pods-FlexDebugDemo.release.xcconfig"; sourceTree = "<group>"; };
		C6F1FF22A0AEA0859FF5D842 /* Pods-FlexDebugDemo.debug.xcconfig */ = {isa = PBXFileReference; includeInIndex = 1; lastKnownFileType = text.xcconfig; name = "Pods-FlexDebugDemo.debug.xcconfig"; path = "Target Support Files/Pods-FlexDebugDemo/Pods-FlexDebugDemo.debug.xcconfig"; sourceTree = "<group>"; };
		D051C80D8A69410941F14447 /* Pods_FlexDebugDemo.framework */ = {isa = PBXFileReference; explicitFileType = wrapper.framework; includeInIndex = 0; path = Pods_FlexDebugDemo.framework; sourceTree = BUILT_PRODUCTS_DIR; };
/* End PBXFileReference section */

/* Begin PBXFrameworksBuildPhase section */
		187849322964892500269A43 /* Frameworks */ = {
			isa = PBXFrameworksBuildPhase;
			buildActionMask = 2147483647;
			files = (
				A5AEB3ABD5ACA09A45767A59 /* Pods_FlexDebugDemo.framework in Frameworks */,
			);
			runOnlyForDeploymentPostprocessing = 0;
		};
/* End PBXFrameworksBuildPhase section */

/* Begin PBXGroup section */
		1878492C2964892500269A43 = {
			isa = PBXGroup;
			children = (
				187849372964892500269A43 /* FlexDebugDemo */,
				187849362964892500269A43 /* Products */,
				BE1A829945A780310974EB52 /* Pods */,
				BA98E2B692FFC80D436E2C00 /* Frameworks */,
			);
			sourceTree = "<group>";
		};
		187849362964892500269A43 /* Products */ = {
			isa = PBXGroup;
			children = (
				187849352964892500269A43 /* FlexDebugDemo.app */,
			);
			name = Products;
			sourceTree = "<group>";
		};
		187849372964892500269A43 /* FlexDebugDemo */ = {
			isa = PBXGroup;
			children = (
				1878494C296489AA00269A43 /* FlexDebugConfig */,
				187849382964892500269A43 /* AppDelegate.swift */,
				1878493A2964892500269A43 /* SceneDelegate.swift */,
				1878493C2964892500269A43 /* ViewController.swift */,
				1878493E2964892500269A43 /* Main.storyboard */,
				187849412964892700269A43 /* Assets.xcassets */,
				187849432964892700269A43 /* LaunchScreen.storyboard */,
				187849462964892700269A43 /* Info.plist */,
			);
			path = FlexDebugDemo;
			sourceTree = "<group>";
		};
		1878494C296489AA00269A43 /* FlexDebugConfig */ = {
			isa = PBXGroup;
			children = (
				1878494D296489BD00269A43 /* UIWindow+Extension.swift */,
			);
			path = FlexDebugConfig;
			sourceTree = "<group>";
		};
		BA98E2B692FFC80D436E2C00 /* Frameworks */ = {
			isa = PBXGroup;
			children = (
				D051C80D8A69410941F14447 /* Pods_FlexDebugDemo.framework */,
			);
			name = Frameworks;
			sourceTree = "<group>";
		};
		BE1A829945A780310974EB52 /* Pods */ = {
			isa = PBXGroup;
			children = (
				C6F1FF22A0AEA0859FF5D842 /* Pods-FlexDebugDemo.debug.xcconfig */,
				BFFC166D566F1D21506D3B55 /* Pods-FlexDebugDemo.release.xcconfig */,
			);
			path = Pods;
			sourceTree = "<group>";
		};
/* End PBXGroup section */

/* Begin PBXNativeTarget section */
		187849342964892500269A43 /* FlexDebugDemo */ = {
			isa = PBXNativeTarget;
			buildConfigurationList = 187849492964892700269A43 /* Build configuration list for PBXNativeTarget "FlexDebugDemo" */;
			buildPhases = (
				BFD862D2CF26A250F67D7CFD /* [CP] Check Pods Manifest.lock */,
				187849312964892500269A43 /* Sources */,
				187849322964892500269A43 /* Frameworks */,
				187849332964892500269A43 /* Resources */,
				31BF7306A26692CA952A8972 /* [CP] Embed Pods Frameworks */,
			);
			buildRules = (
			);
			dependencies = (
			);
			name = FlexDebugDemo;
			productName = FlexDebugDemo;
			productReference = 187849352964892500269A43 /* FlexDebugDemo.app */;
			productType = "com.apple.product-type.application";
		};
/* End PBXNativeTarget section */

/* Begin PBXProject section */
		1878492D2964892500269A43 /* Project object */ = {
			isa = PBXProject;
			attributes = {
				BuildIndependentTargetsInParallel = 1;
				LastSwiftUpdateCheck = 1420;
				LastUpgradeCheck = 1420;
				TargetAttributes = {
					187849342964892500269A43 = {
						CreatedOnToolsVersion = 14.2;
					};
				};
			};
			buildConfigurationList = 187849302964892500269A43 /* Build configuration list for PBXProject "FlexDebugDemo" */;
			compatibilityVersion = "Xcode 14.0";
			developmentRegion = en;
			hasScannedForEncodings = 0;
			knownRegions = (
				en,
				Base,
			);
			mainGroup = 1878492C2964892500269A43;
			productRefGroup = 187849362964892500269A43 /* Products */;
			projectDirPath = "";
			projectRoot = "";
			targets = (
				187849342964892500269A43 /* FlexDebugDemo */,
			);
		};
/* End PBXProject section */

/* Begin PBXResourcesBuildPhase section */
		187849332964892500269A43 /* Resources */ = {
			isa = PBXResourcesBuildPhase;
			buildActionMask = 2147483647;
			files = (
				187849452964892700269A43 /* LaunchScreen.storyboard in Resources */,
				187849422964892700269A43 /* Assets.xcassets in Resources */,
				187849402964892500269A43 /* Main.storyboard in Resources */,
			);
			runOnlyForDeploymentPostprocessing = 0;
		};
/* End PBXResourcesBuildPhase section */

/* Begin PBXShellScriptBuildPhase section */
		31BF7306A26692CA952A8972 /* [CP] Embed Pods Frameworks */ = {
			isa = PBXShellScriptBuildPhase;
			buildActionMask = 2147483647;
			files = (
			);
			inputFileListPaths = (
				"${PODS_ROOT}/Target Support Files/Pods-FlexDebugDemo/Pods-FlexDebugDemo-frameworks-${CONFIGURATION}-input-files.xcfilelist",
			);
			name = "[CP] Embed Pods Frameworks";
			outputFileListPaths = (
				"${PODS_ROOT}/Target Support Files/Pods-FlexDebugDemo/Pods-FlexDebugDemo-frameworks-${CONFIGURATION}-output-files.xcfilelist",
			);
			runOnlyForDeploymentPostprocessing = 0;
			shellPath = /bin/sh;
			shellScript = "\"${PODS_ROOT}/Target Support Files/Pods-FlexDebugDemo/Pods-FlexDebugDemo-frameworks.sh\"\n";
			showEnvVarsInLog = 0;
		};
		BFD862D2CF26A250F67D7CFD /* [CP] Check Pods Manifest.lock */ = {
			isa = PBXShellScriptBuildPhase;
			buildActionMask = 2147483647;
			files = (
			);
			inputFileListPaths = (
			);
			inputPaths = (
				"${PODS_PODFILE_DIR_PATH}/Podfile.lock",
				"${PODS_ROOT}/Manifest.lock",
			);
			name = "[CP] Check Pods Manifest.lock";
			outputFileListPaths = (
			);
			outputPaths = (
				"$(DERIVED_FILE_DIR)/Pods-FlexDebugDemo-checkManifestLockResult.txt",
			);
			runOnlyForDeploymentPostprocessing = 0;
			shellPath = /bin/sh;
			shellScript = "diff \"${PODS_PODFILE_DIR_PATH}/Podfile.lock\" \"${PODS_ROOT}/Manifest.lock\" > /dev/null\nif [ $? != 0 ] ; then\n    # print error to STDERR\n    echo \"error: The sandbox is not in sync with the Podfile.lock. Run 'pod install' or update your CocoaPods installation.\" >&2\n    exit 1\nfi\n# This output is used by Xcode 'outputs' to avoid re-running this script phase.\necho \"SUCCESS\" > \"${SCRIPT_OUTPUT_FILE_0}\"\n";
			showEnvVarsInLog = 0;
		};
/* End PBXShellScriptBuildPhase section */

/* Begin PBXSourcesBuildPhase section */
		187849312964892500269A43 /* Sources */ = {
			isa = PBXSourcesBuildPhase;
			buildActionMask = 2147483647;
			files = (
				1878493D2964892500269A43 /* ViewController.swift in Sources */,
				1878494E296489BD00269A43 /* UIWindow+Extension.swift in Sources */,
				187849392964892500269A43 /* AppDelegate.swift in Sources */,
				1878493B2964892500269A43 /* SceneDelegate.swift in Sources */,
			);
			runOnlyForDeploymentPostprocessing = 0;
		};
/* End PBXSourcesBuildPhase section */

/* Begin PBXVariantGroup section */
		1878493E2964892500269A43 /* Main.storyboard */ = {
			isa = PBXVariantGroup;
			children = (
				1878493F2964892500269A43 /* Base */,
			);
			name = Main.storyboard;
			sourceTree = "<group>";
		};
		187849432964892700269A43 /* LaunchScreen.storyboard */ = {
			isa = PBXVariantGroup;
			children = (
				187849442964892700269A43 /* Base */,
			);
			name = LaunchScreen.storyboard;
			sourceTree = "<group>";
		};
/* End PBXVariantGroup section */

/* Begin XCBuildConfiguration section */
		187849472964892700269A43 /* Debug */ = {
			isa = XCBuildConfiguration;
			buildSettings = {
				ALWAYS_SEARCH_USER_PATHS = NO;
				CLANG_ANALYZER_NONNULL = YES;
				CLANG_ANALYZER_NUMBER_OBJECT_CONVERSION = YES_AGGRESSIVE;
				CLANG_CXX_LANGUAGE_STANDARD = "gnu++20";
				CLANG_ENABLE_MODULES = YES;
				CLANG_ENABLE_OBJC_ARC = YES;
				CLANG_ENABLE_OBJC_WEAK = YES;
				CLANG_WARN_BLOCK_CAPTURE_AUTORELEASING = YES;
				CLANG_WARN_BOOL_CONVERSION = YES;
				CLANG_WARN_COMMA = YES;
				CLANG_WARN_CONSTANT_CONVERSION = YES;
				CLANG_WARN_DEPRECATED_OBJC_IMPLEMENTATIONS = YES;
				CLANG_WARN_DIRECT_OBJC_ISA_USAGE = YES_ERROR;
				CLANG_WARN_DOCUMENTATION_COMMENTS = YES;
				CLANG_WARN_EMPTY_BODY = YES;
				CLANG_WARN_ENUM_CONVERSION = YES;
				CLANG_WARN_INFINITE_RECURSION = YES;
				CLANG_WARN_INT_CONVERSION = YES;
				CLANG_WARN_NON_LITERAL_NULL_CONVERSION = YES;
				CLANG_WARN_OBJC_IMPLICIT_RETAIN_SELF = YES;
				CLANG_WARN_OBJC_LITERAL_CONVERSION = YES;
				CLANG_WARN_OBJC_ROOT_CLASS = YES_ERROR;
				CLANG_WARN_QUOTED_INCLUDE_IN_FRAMEWORK_HEADER = YES;
				CLANG_WARN_RANGE_LOOP_ANALYSIS = YES;
				CLANG_WARN_STRICT_PROTOTYPES = YES;
				CLANG_WARN_SUSPICIOUS_MOVE = YES;
				CLANG_WARN_UNGUARDED_AVAILABILITY = YES_AGGRESSIVE;
				CLANG_WARN_UNREACHABLE_CODE = YES;
				CLANG_WARN__DUPLICATE_METHOD_MATCH = YES;
				COPY_PHASE_STRIP = NO;
				DEBUG_INFORMATION_FORMAT = dwarf;
				ENABLE_STRICT_OBJC_MSGSEND = YES;
				ENABLE_TESTABILITY = YES;
				GCC_C_LANGUAGE_STANDARD = gnu11;
				GCC_DYNAMIC_NO_PIC = NO;
				GCC_NO_COMMON_BLOCKS = YES;
				GCC_OPTIMIZATION_LEVEL = 0;
				GCC_PREPROCESSOR_DEFINITIONS = (
					"DEBUG=1",
					"$(inherited)",
				);
				GCC_WARN_64_TO_32_BIT_CONVERSION = YES;
				GCC_WARN_ABOUT_RETURN_TYPE = YES_ERROR;
				GCC_WARN_UNDECLARED_SELECTOR = YES;
				GCC_WARN_UNINITIALIZED_AUTOS = YES_AGGRESSIVE;
				GCC_WARN_UNUSED_FUNCTION = YES;
				GCC_WARN_UNUSED_VARIABLE = YES;
				IPHONEOS_DEPLOYMENT_TARGET = 16.2;
				MTL_ENABLE_DEBUG_INFO = INCLUDE_SOURCE;
				MTL_FAST_MATH = YES;
				ONLY_ACTIVE_ARCH = YES;
				SDKROOT = iphoneos;
				SWIFT_ACTIVE_COMPILATION_CONDITIONS = DEBUG;
				SWIFT_OPTIMIZATION_LEVEL = "-Onone";
			};
			name = Debug;
		};
		187849482964892700269A43 /* Release */ = {
			isa = XCBuildConfiguration;
			buildSettings = {
				ALWAYS_SEARCH_USER_PATHS = NO;
				CLANG_ANALYZER_NONNULL = YES;
				CLANG_ANALYZER_NUMBER_OBJECT_CONVERSION = YES_AGGRESSIVE;
				CLANG_CXX_LANGUAGE_STANDARD = "gnu++20";
				CLANG_ENABLE_MODULES = YES;
				CLANG_ENABLE_OBJC_ARC = YES;
				CLANG_ENABLE_OBJC_WEAK = YES;
				CLANG_WARN_BLOCK_CAPTURE_AUTORELEASING = YES;
				CLANG_WARN_BOOL_CONVERSION = YES;
				CLANG_WARN_COMMA = YES;
				CLANG_WARN_CONSTANT_CONVERSION = YES;
				CLANG_WARN_DEPRECATED_OBJC_IMPLEMENTATIONS = YES;
				CLANG_WARN_DIRECT_OBJC_ISA_USAGE = YES_ERROR;
				CLANG_WARN_DOCUMENTATION_COMMENTS = YES;
				CLANG_WARN_EMPTY_BODY = YES;
				CLANG_WARN_ENUM_CONVERSION = YES;
				CLANG_WARN_INFINITE_RECURSION = YES;
				CLANG_WARN_INT_CONVERSION = YES;
				CLANG_WARN_NON_LITERAL_NULL_CONVERSION = YES;
				CLANG_WARN_OBJC_IMPLICIT_RETAIN_SELF = YES;
				CLANG_WARN_OBJC_LITERAL_CONVERSION = YES;
				CLANG_WARN_OBJC_ROOT_CLASS = YES_ERROR;
				CLANG_WARN_QUOTED_INCLUDE_IN_FRAMEWORK_HEADER = YES;
				CLANG_WARN_RANGE_LOOP_ANALYSIS = YES;
				CLANG_WARN_STRICT_PROTOTYPES = YES;
				CLANG_WARN_SUSPICIOUS_MOVE = YES;
				CLANG_WARN_UNGUARDED_AVAILABILITY = YES_AGGRESSIVE;
				CLANG_WARN_UNREACHABLE_CODE = YES;
				CLANG_WARN__DUPLICATE_METHOD_MATCH = YES;
				COPY_PHASE_STRIP = NO;
				DEBUG_INFORMATION_FORMAT = "dwarf-with-dsym";
				ENABLE_NS_ASSERTIONS = NO;
				ENABLE_STRICT_OBJC_MSGSEND = YES;
				GCC_C_LANGUAGE_STANDARD = gnu11;
				GCC_NO_COMMON_BLOCKS = YES;
				GCC_WARN_64_TO_32_BIT_CONVERSION = YES;
				GCC_WARN_ABOUT_RETURN_TYPE = YES_ERROR;
				GCC_WARN_UNDECLARED_SELECTOR = YES;
				GCC_WARN_UNINITIALIZED_AUTOS = YES_AGGRESSIVE;
				GCC_WARN_UNUSED_FUNCTION = YES;
				GCC_WARN_UNUSED_VARIABLE = YES;
				IPHONEOS_DEPLOYMENT_TARGET = 16.2;
				MTL_ENABLE_DEBUG_INFO = NO;
				MTL_FAST_MATH = YES;
				SDKROOT = iphoneos;
				SWIFT_COMPILATION_MODE = wholemodule;
				SWIFT_OPTIMIZATION_LEVEL = "-O";
				VALIDATE_PRODUCT = YES;
			};
			name = Release;
		};
		1878494A2964892700269A43 /* Debug */ = {
			isa = XCBuildConfiguration;
			baseConfigurationReference = C6F1FF22A0AEA0859FF5D842 /* Pods-FlexDebugDemo.debug.xcconfig */;
			buildSettings = {
				ASSETCATALOG_COMPILER_APPICON_NAME = AppIcon;
				ASSETCATALOG_COMPILER_GLOBAL_ACCENT_COLOR_NAME = AccentColor;
				CODE_SIGN_STYLE = Automatic;
				CURRENT_PROJECT_VERSION = 1;
				GENERATE_INFOPLIST_FILE = YES;
				INFOPLIST_FILE = FlexDebugDemo/Info.plist;
				INFOPLIST_KEY_UIApplicationSupportsIndirectInputEvents = YES;
				INFOPLIST_KEY_UILaunchStoryboardName = LaunchScreen;
				INFOPLIST_KEY_UIMainStoryboardFile = Main;
				INFOPLIST_KEY_UISupportedInterfaceOrientations_iPad = "UIInterfaceOrientationPortrait UIInterfaceOrientationPortraitUpsideDown UIInterfaceOrientationLandscapeLeft UIInterfaceOrientationLandscapeRight";
				INFOPLIST_KEY_UISupportedInterfaceOrientations_iPhone = "UIInterfaceOrientationPortrait UIInterfaceOrientationLandscapeLeft UIInterfaceOrientationLandscapeRight";
				LD_RUNPATH_SEARCH_PATHS = (
					"$(inherited)",
					"@executable_path/Frameworks",
				);
				MARKETING_VERSION = 1.0;
				PRODUCT_BUNDLE_IDENTIFIER = "com.magic-ios.FlexDebugDemo";
				PRODUCT_NAME = "$(TARGET_NAME)";
				SWIFT_EMIT_LOC_STRINGS = YES;
				SWIFT_VERSION = 5.0;
				TARGETED_DEVICE_FAMILY = "1,2";
			};
			name = Debug;
		};
		1878494B2964892700269A43 /* Release */ = {
			isa = XCBuildConfiguration;
			baseConfigurationReference = BFFC166D566F1D21506D3B55 /* Pods-FlexDebugDemo.release.xcconfig */;
			buildSettings = {
				ASSETCATALOG_COMPILER_APPICON_NAME = AppIcon;
				ASSETCATALOG_COMPILER_GLOBAL_ACCENT_COLOR_NAME = AccentColor;
				CODE_SIGN_STYLE = Automatic;
				CURRENT_PROJECT_VERSION = 1;
				GENERATE_INFOPLIST_FILE = YES;
				INFOPLIST_FILE = FlexDebugDemo/Info.plist;
				INFOPLIST_KEY_UIApplicationSupportsIndirectInputEvents = YES;
				INFOPLIST_KEY_UILaunchStoryboardName = LaunchScreen;
				INFOPLIST_KEY_UIMainStoryboardFile = Main;
				INFOPLIST_KEY_UISupportedInterfaceOrientations_iPad = "UIInterfaceOrientationPortrait UIInterfaceOrientationPortraitUpsideDown UIInterfaceOrientationLandscapeLeft UIInterfaceOrientationLandscapeRight";
				INFOPLIST_KEY_UISupportedInterfaceOrientations_iPhone = "UIInterfaceOrientationPortrait UIInterfaceOrientationLandscapeLeft UIInterfaceOrientationLandscapeRight";
				LD_RUNPATH_SEARCH_PATHS = (
					"$(inherited)",
					"@executable_path/Frameworks",
				);
				MARKETING_VERSION = 1.0;
				PRODUCT_BUNDLE_IDENTIFIER = "com.magic-ios.FlexDebugDemo";
				PRODUCT_NAME = "$(TARGET_NAME)";
				SWIFT_EMIT_LOC_STRINGS = YES;
				SWIFT_VERSION = 5.0;
				TARGETED_DEVICE_FAMILY = "1,2";
			};
			name = Release;
		};
/* End XCBuildConfiguration section */

/* Begin XCConfigurationList section */
		187849302964892500269A43 /* Build configuration list for PBXProject "FlexDebugDemo" */ = {
			isa = XCConfigurationList;
			buildConfigurations = (
				187849472964892700269A43 /* Debug */,
				187849482964892700269A43 /* Release */,
			);
			defaultConfigurationIsVisible = 0;
			defaultConfigurationName = Release;
		};
		187849492964892700269A43 /* Build configuration list for PBXNativeTarget "FlexDebugDemo" */ = {
			isa = XCConfigurationList;
			buildConfigurations = (
				1878494A2964892700269A43 /* Debug */,
				1878494B2964892700269A43 /* Release */,
			);
			defaultConfigurationIsVisible = 0;
			defaultConfigurationName = Release;
		};
/* End XCConfigurationList section */
	};
	rootObject = 1878492D2964892500269A43 /* Project object */;
}
